
Microsoft Visual Studio Solution File, Format Version 12.00
# Visual Studio Version 17
VisualStudioVersion = 17.12.35707.178
MinimumVisualStudioVersion = 10.0.40219.1
Project("{2150E333-8FDC-42A3-9474-1A3956D46DE8}") = "Source", "Source", "{68DBDA36-9753-4E11-9287-4AAC9ACE77D7}"
	ProjectSection(SolutionItems) = preProject
		Source\Directory.Packages.props = Source\Directory.Packages.props
	EndProjectSection
EndProject
Project("{FAE04EC0-301F-11D3-BF4B-00C04F79EFBC}") = "Zonit.Services.EventMessage.Abstractions", "Source\Zonit.Services.EventMessage.Abstractions\Zonit.Services.EventMessage.Abstractions.csproj", "{F9ACAB7D-C8C5-48DC-8325-4E0654F23921}"
EndProject
Project("{2150E333-8FDC-42A3-9474-1A3956D46DE8}") = "Example", "Example", "{B51C861A-E4A8-4851-B420-44C445ED2823}"
EndProject
Project("{FAE04EC0-301F-11D3-BF4B-00C04F79EFBC}") = "Example", "Example\Example\Example.csproj", "{F741A502-A434-4443-91F3-7E33DFB495BF}"
EndProject
Project("{FAE04EC0-301F-11D3-BF4B-00C04F79EFBC}") = "Zonit.Services.EventMessage", "Source\Zonit.Services.EventMessage\Zonit.Services.EventMessage.csproj", "{6661D2B2-AE85-4BE3-93D4-65414346A23B}"
EndProject
Project("{2150E333-8FDC-42A3-9474-1A3956D46DE8}") = ".github", ".github", "{02EA681E-C7D8-13C7-8484-4AC65E1B71E8}"
EndProject
Project("{2150E333-8FDC-42A3-9474-1A3956D46DE8}") = "workflows", "workflows", "{9319AB13-208E-4CEC-9F92-BD432517730D}"
	ProjectSection(SolutionItems) = preProject
		.github\workflows\AutoUpdateNugets.yml.yml = .github\workflows\AutoUpdateNugets.yml.yml
		.github\workflows\CheckNugetAndPublish.yml = .github\workflows\CheckNugetAndPublish.yml
		.github\workflows\PublishNuGet.yml = .github\workflows\PublishNuGet.yml
	EndProjectSection
EndProject
Project("{2150E333-8FDC-42A3-9474-1A3956D46DE8}") = "Elementy rozwiązania", "Elementy rozwiązania", "{8FB176BD-0036-D269-15EA-F86E90622887}"
	ProjectSection(SolutionItems) = preProject
		Readme.md = Readme.md
	EndProjectSection
EndProject
Project("{FAE04EC0-301F-11D3-BF4B-00C04F79EFBC}") = "Zonit.Messaging.Commands.Abstractions", "Source\Zonit.Messaging.Commands.Abstractions\Zonit.Messaging.Commands.Abstractions.csproj", "{A85137FF-E990-44AA-8339-D01D08668A52}"
EndProject
Project("{FAE04EC0-301F-11D3-BF4B-00C04F79EFBC}") = "Zonit.Messaging.Commands", "Source\Zonit.Messaging.Commands\Zonit.Messaging.Commands.csproj", "{AB4267AB-FE62-4CFC-994C-06C07DB2EA03}"
EndProject
Project("{FAE04EC0-301F-11D3-BF4B-00C04F79EFBC}") = "Zonit.Messaging.Commands.SourceGenerators", "Source\Zonit.Messaging.Commands.SourceGenerators\Zonit.Messaging.Commands.SourceGenerators.csproj", "{8AA12FF9-AC50-4718-895A-FB6301DF3687}"
EndProject
Project("{FAE04EC0-301F-11D3-BF4B-00C04F79EFBC}") = "Zonit.Messaging.Events.Abstractions", "Source\Zonit.Messaging.Events.Abstractions\Zonit.Messaging.Events.Abstractions.csproj", "{488E09E9-B7CB-4E3C-AC0D-AE6540C06EE1}"
EndProject
Project("{FAE04EC0-301F-11D3-BF4B-00C04F79EFBC}") = "Zonit.Messaging.Events", "Source\Zonit.Messaging.Events\Zonit.Messaging.Events.csproj", "{DAA7D831-473C-42B3-AC8B-F5457526F7FF}"
EndProject
Project("{FAE04EC0-301F-11D3-BF4B-00C04F79EFBC}") = "Zonit.Messaging.Tasks.Abstractions", "Source\Zonit.Messaging.Tasks.Abstractions\Zonit.Messaging.Tasks.Abstractions.csproj", "{99684ECC-D45B-4503-88C0-A8DB5D73B2D9}"
EndProject
Project("{FAE04EC0-301F-11D3-BF4B-00C04F79EFBC}") = "Zonit.Messaging.Tasks", "Source\Zonit.Messaging.Tasks\Zonit.Messaging.Tasks.csproj", "{EBE9CCAD-69D0-46BE-8F4F-83455D5BB89F}"
EndProject
Project("{FAE04EC0-301F-11D3-BF4B-00C04F79EFBC}") = "Zonit.Messaging.Events.SourceGenerators", "Source\Zonit.Messaging.Events.SourceGenerators\Zonit.Messaging.Events.SourceGenerators.csproj", "{092CE138-C442-4379-AC7A-46368AFD65DF}"
EndProject
Project("{FAE04EC0-301F-11D3-BF4B-00C04F79EFBC}") = "Zonit.Messaging.Tasks.SourceGenerators", "Source\Zonit.Messaging.Tasks.SourceGenerators\Zonit.Messaging.Tasks.SourceGenerators.csproj", "{0598B1F0-4E44-44CF-B40B-3BC832962A92}"
EndProject
Global
	GlobalSection(SolutionConfigurationPlatforms) = preSolution
		Debug|Any CPU = Debug|Any CPU
		Debug|x64 = Debug|x64
		Debug|x86 = Debug|x86
		Release|Any CPU = Release|Any CPU
		Release|x64 = Release|x64
		Release|x86 = Release|x86
	EndGlobalSection
	GlobalSection(ProjectConfigurationPlatforms) = postSolution
		{F9ACAB7D-C8C5-48DC-8325-4E0654F23921}.Debug|Any CPU.ActiveCfg = Debug|Any CPU
		{F9ACAB7D-C8C5-48DC-8325-4E0654F23921}.Debug|Any CPU.Build.0 = Debug|Any CPU
		{F9ACAB7D-C8C5-48DC-8325-4E0654F23921}.Debug|x64.ActiveCfg = Debug|Any CPU
		{F9ACAB7D-C8C5-48DC-8325-4E0654F23921}.Debug|x64.Build.0 = Debug|Any CPU
		{F9ACAB7D-C8C5-48DC-8325-4E0654F23921}.Debug|x86.ActiveCfg = Debug|Any CPU
		{F9ACAB7D-C8C5-48DC-8325-4E0654F23921}.Debug|x86.Build.0 = Debug|Any CPU
		{F9ACAB7D-C8C5-48DC-8325-4E0654F23921}.Release|Any CPU.ActiveCfg = Release|Any CPU
		{F9ACAB7D-C8C5-48DC-8325-4E0654F23921}.Release|Any CPU.Build.0 = Release|Any CPU
		{F9ACAB7D-C8C5-48DC-8325-4E0654F23921}.Release|x64.ActiveCfg = Release|Any CPU
		{F9ACAB7D-C8C5-48DC-8325-4E0654F23921}.Release|x64.Build.0 = Release|Any CPU
		{F9ACAB7D-C8C5-48DC-8325-4E0654F23921}.Release|x86.ActiveCfg = Release|Any CPU
		{F9ACAB7D-C8C5-48DC-8325-4E0654F23921}.Release|x86.Build.0 = Release|Any CPU
		{F741A502-A434-4443-91F3-7E33DFB495BF}.Debug|Any CPU.ActiveCfg = Debug|Any CPU
		{F741A502-A434-4443-91F3-7E33DFB495BF}.Debug|Any CPU.Build.0 = Debug|Any CPU
		{F741A502-A434-4443-91F3-7E33DFB495BF}.Debug|x64.ActiveCfg = Debug|Any CPU
		{F741A502-A434-4443-91F3-7E33DFB495BF}.Debug|x64.Build.0 = Debug|Any CPU
		{F741A502-A434-4443-91F3-7E33DFB495BF}.Debug|x86.ActiveCfg = Debug|Any CPU
		{F741A502-A434-4443-91F3-7E33DFB495BF}.Debug|x86.Build.0 = Debug|Any CPU
		{F741A502-A434-4443-91F3-7E33DFB495BF}.Release|Any CPU.ActiveCfg = Release|Any CPU
		{F741A502-A434-4443-91F3-7E33DFB495BF}.Release|Any CPU.Build.0 = Release|Any CPU
		{F741A502-A434-4443-91F3-7E33DFB495BF}.Release|x64.ActiveCfg = Release|Any CPU
		{F741A502-A434-4443-91F3-7E33DFB495BF}.Release|x64.Build.0 = Release|Any CPU
		{F741A502-A434-4443-91F3-7E33DFB495BF}.Release|x86.ActiveCfg = Release|Any CPU
		{F741A502-A434-4443-91F3-7E33DFB495BF}.Release|x86.Build.0 = Release|Any CPU
		{6661D2B2-AE85-4BE3-93D4-65414346A23B}.Debug|Any CPU.ActiveCfg = Debug|Any CPU
		{6661D2B2-AE85-4BE3-93D4-65414346A23B}.Debug|Any CPU.Build.0 = Debug|Any CPU
		{6661D2B2-AE85-4BE3-93D4-65414346A23B}.Debug|x64.ActiveCfg = Debug|Any CPU
		{6661D2B2-AE85-4BE3-93D4-65414346A23B}.Debug|x64.Build.0 = Debug|Any CPU
		{6661D2B2-AE85-4BE3-93D4-65414346A23B}.Debug|x86.ActiveCfg = Debug|Any CPU
		{6661D2B2-AE85-4BE3-93D4-65414346A23B}.Debug|x86.Build.0 = Debug|Any CPU
		{6661D2B2-AE85-4BE3-93D4-65414346A23B}.Release|Any CPU.ActiveCfg = Release|Any CPU
		{6661D2B2-AE85-4BE3-93D4-65414346A23B}.Release|Any CPU.Build.0 = Release|Any CPU
		{6661D2B2-AE85-4BE3-93D4-65414346A23B}.Release|x64.ActiveCfg = Release|Any CPU
		{6661D2B2-AE85-4BE3-93D4-65414346A23B}.Release|x64.Build.0 = Release|Any CPU
		{6661D2B2-AE85-4BE3-93D4-65414346A23B}.Release|x86.ActiveCfg = Release|Any CPU
		{6661D2B2-AE85-4BE3-93D4-65414346A23B}.Release|x86.Build.0 = Release|Any CPU
		{A85137FF-E990-44AA-8339-D01D08668A52}.Debug|Any CPU.ActiveCfg = Debug|Any CPU
		{A85137FF-E990-44AA-8339-D01D08668A52}.Debug|Any CPU.Build.0 = Debug|Any CPU
		{A85137FF-E990-44AA-8339-D01D08668A52}.Debug|x64.ActiveCfg = Debug|Any CPU
		{A85137FF-E990-44AA-8339-D01D08668A52}.Debug|x64.Build.0 = Debug|Any CPU
		{A85137FF-E990-44AA-8339-D01D08668A52}.Debug|x86.ActiveCfg = Debug|Any CPU
		{A85137FF-E990-44AA-8339-D01D08668A52}.Debug|x86.Build.0 = Debug|Any CPU
		{A85137FF-E990-44AA-8339-D01D08668A52}.Release|Any CPU.ActiveCfg = Release|Any CPU
		{A85137FF-E990-44AA-8339-D01D08668A52}.Release|Any CPU.Build.0 = Release|Any CPU
		{A85137FF-E990-44AA-8339-D01D08668A52}.Release|x64.ActiveCfg = Release|Any CPU
		{A85137FF-E990-44AA-8339-D01D08668A52}.Release|x64.Build.0 = Release|Any CPU
		{A85137FF-E990-44AA-8339-D01D08668A52}.Release|x86.ActiveCfg = Release|Any CPU
		{A85137FF-E990-44AA-8339-D01D08668A52}.Release|x86.Build.0 = Release|Any CPU
		{AB4267AB-FE62-4CFC-994C-06C07DB2EA03}.Debug|Any CPU.ActiveCfg = Debug|Any CPU
		{AB4267AB-FE62-4CFC-994C-06C07DB2EA03}.Debug|Any CPU.Build.0 = Debug|Any CPU
		{AB4267AB-FE62-4CFC-994C-06C07DB2EA03}.Debug|x64.ActiveCfg = Debug|Any CPU
		{AB4267AB-FE62-4CFC-994C-06C07DB2EA03}.Debug|x64.Build.0 = Debug|Any CPU
		{AB4267AB-FE62-4CFC-994C-06C07DB2EA03}.Debug|x86.ActiveCfg = Debug|Any CPU
		{AB4267AB-FE62-4CFC-994C-06C07DB2EA03}.Debug|x86.Build.0 = Debug|Any CPU
		{AB4267AB-FE62-4CFC-994C-06C07DB2EA03}.Release|Any CPU.ActiveCfg = Release|Any CPU
		{AB4267AB-FE62-4CFC-994C-06C07DB2EA03}.Release|Any CPU.Build.0 = Release|Any CPU
		{AB4267AB-FE62-4CFC-994C-06C07DB2EA03}.Release|x64.ActiveCfg = Release|Any CPU
		{AB4267AB-FE62-4CFC-994C-06C07DB2EA03}.Release|x64.Build.0 = Release|Any CPU
		{AB4267AB-FE62-4CFC-994C-06C07DB2EA03}.Release|x86.ActiveCfg = Release|Any CPU
		{AB4267AB-FE62-4CFC-994C-06C07DB2EA03}.Release|x86.Build.0 = Release|Any CPU
		{8AA12FF9-AC50-4718-895A-FB6301DF3687}.Debug|Any CPU.ActiveCfg = Debug|Any CPU
		{8AA12FF9-AC50-4718-895A-FB6301DF3687}.Debug|Any CPU.Build.0 = Debug|Any CPU
		{8AA12FF9-AC50-4718-895A-FB6301DF3687}.Debug|x64.ActiveCfg = Debug|Any CPU
		{8AA12FF9-AC50-4718-895A-FB6301DF3687}.Debug|x64.Build.0 = Debug|Any CPU
		{8AA12FF9-AC50-4718-895A-FB6301DF3687}.Debug|x86.ActiveCfg = Debug|Any CPU
		{8AA12FF9-AC50-4718-895A-FB6301DF3687}.Debug|x86.Build.0 = Debug|Any CPU
		{8AA12FF9-AC50-4718-895A-FB6301DF3687}.Release|Any CPU.ActiveCfg = Release|Any CPU
		{8AA12FF9-AC50-4718-895A-FB6301DF3687}.Release|Any CPU.Build.0 = Release|Any CPU
		{8AA12FF9-AC50-4718-895A-FB6301DF3687}.Release|x64.ActiveCfg = Release|Any CPU
		{8AA12FF9-AC50-4718-895A-FB6301DF3687}.Release|x64.Build.0 = Release|Any CPU
		{8AA12FF9-AC50-4718-895A-FB6301DF3687}.Release|x86.ActiveCfg = Release|Any CPU
		{8AA12FF9-AC50-4718-895A-FB6301DF3687}.Release|x86.Build.0 = Release|Any CPU
		{488E09E9-B7CB-4E3C-AC0D-AE6540C06EE1}.Debug|Any CPU.ActiveCfg = Debug|Any CPU
		{488E09E9-B7CB-4E3C-AC0D-AE6540C06EE1}.Debug|Any CPU.Build.0 = Debug|Any CPU
		{488E09E9-B7CB-4E3C-AC0D-AE6540C06EE1}.Debug|x64.ActiveCfg = Debug|Any CPU
		{488E09E9-B7CB-4E3C-AC0D-AE6540C06EE1}.Debug|x64.Build.0 = Debug|Any CPU
		{488E09E9-B7CB-4E3C-AC0D-AE6540C06EE1}.Debug|x86.ActiveCfg = Debug|Any CPU
		{488E09E9-B7CB-4E3C-AC0D-AE6540C06EE1}.Debug|x86.Build.0 = Debug|Any CPU
		{488E09E9-B7CB-4E3C-AC0D-AE6540C06EE1}.Release|Any CPU.ActiveCfg = Release|Any CPU
		{488E09E9-B7CB-4E3C-AC0D-AE6540C06EE1}.Release|Any CPU.Build.0 = Release|Any CPU
		{488E09E9-B7CB-4E3C-AC0D-AE6540C06EE1}.Release|x64.ActiveCfg = Release|Any CPU
		{488E09E9-B7CB-4E3C-AC0D-AE6540C06EE1}.Release|x64.Build.0 = Release|Any CPU
		{488E09E9-B7CB-4E3C-AC0D-AE6540C06EE1}.Release|x86.ActiveCfg = Release|Any CPU
		{488E09E9-B7CB-4E3C-AC0D-AE6540C06EE1}.Release|x86.Build.0 = Release|Any CPU
		{DAA7D831-473C-42B3-AC8B-F5457526F7FF}.Debug|Any CPU.ActiveCfg = Debug|Any CPU
		{DAA7D831-473C-42B3-AC8B-F5457526F7FF}.Debug|Any CPU.Build.0 = Debug|Any CPU
		{DAA7D831-473C-42B3-AC8B-F5457526F7FF}.Debug|x64.ActiveCfg = Debug|Any CPU
		{DAA7D831-473C-42B3-AC8B-F5457526F7FF}.Debug|x64.Build.0 = Debug|Any CPU
		{DAA7D831-473C-42B3-AC8B-F5457526F7FF}.Debug|x86.ActiveCfg = Debug|Any CPU
		{DAA7D831-473C-42B3-AC8B-F5457526F7FF}.Debug|x86.Build.0 = Debug|Any CPU
		{DAA7D831-473C-42B3-AC8B-F5457526F7FF}.Release|Any CPU.ActiveCfg = Release|Any CPU
		{DAA7D831-473C-42B3-AC8B-F5457526F7FF}.Release|Any CPU.Build.0 = Release|Any CPU
		{DAA7D831-473C-42B3-AC8B-F5457526F7FF}.Release|x64.ActiveCfg = Release|Any CPU
		{DAA7D831-473C-42B3-AC8B-F5457526F7FF}.Release|x64.Build.0 = Release|Any CPU
		{DAA7D831-473C-42B3-AC8B-F5457526F7FF}.Release|x86.ActiveCfg = Release|Any CPU
		{DAA7D831-473C-42B3-AC8B-F5457526F7FF}.Release|x86.Build.0 = Release|Any CPU
		{99684ECC-D45B-4503-88C0-A8DB5D73B2D9}.Debug|Any CPU.ActiveCfg = Debug|Any CPU
		{99684ECC-D45B-4503-88C0-A8DB5D73B2D9}.Debug|Any CPU.Build.0 = Debug|Any CPU
		{99684ECC-D45B-4503-88C0-A8DB5D73B2D9}.Debug|x64.ActiveCfg = Debug|Any CPU
		{99684ECC-D45B-4503-88C0-A8DB5D73B2D9}.Debug|x64.Build.0 = Debug|Any CPU
		{99684ECC-D45B-4503-88C0-A8DB5D73B2D9}.Debug|x86.ActiveCfg = Debug|Any CPU
		{99684ECC-D45B-4503-88C0-A8DB5D73B2D9}.Debug|x86.Build.0 = Debug|Any CPU
		{99684ECC-D45B-4503-88C0-A8DB5D73B2D9}.Release|Any CPU.ActiveCfg = Release|Any CPU
		{99684ECC-D45B-4503-88C0-A8DB5D73B2D9}.Release|Any CPU.Build.0 = Release|Any CPU
		{99684ECC-D45B-4503-88C0-A8DB5D73B2D9}.Release|x64.ActiveCfg = Release|Any CPU
		{99684ECC-D45B-4503-88C0-A8DB5D73B2D9}.Release|x64.Build.0 = Release|Any CPU
		{99684ECC-D45B-4503-88C0-A8DB5D73B2D9}.Release|x86.ActiveCfg = Release|Any CPU
		{99684ECC-D45B-4503-88C0-A8DB5D73B2D9}.Release|x86.Build.0 = Release|Any CPU
		{EBE9CCAD-69D0-46BE-8F4F-83455D5BB89F}.Debug|Any CPU.ActiveCfg = Debug|Any CPU
		{EBE9CCAD-69D0-46BE-8F4F-83455D5BB89F}.Debug|Any CPU.Build.0 = Debug|Any CPU
		{EBE9CCAD-69D0-46BE-8F4F-83455D5BB89F}.Debug|x64.ActiveCfg = Debug|Any CPU
		{EBE9CCAD-69D0-46BE-8F4F-83455D5BB89F}.Debug|x64.Build.0 = Debug|Any CPU
		{EBE9CCAD-69D0-46BE-8F4F-83455D5BB89F}.Debug|x86.ActiveCfg = Debug|Any CPU
		{EBE9CCAD-69D0-46BE-8F4F-83455D5BB89F}.Debug|x86.Build.0 = Debug|Any CPU
		{EBE9CCAD-69D0-46BE-8F4F-83455D5BB89F}.Release|Any CPU.ActiveCfg = Release|Any CPU
		{EBE9CCAD-69D0-46BE-8F4F-83455D5BB89F}.Release|Any CPU.Build.0 = Release|Any CPU
		{EBE9CCAD-69D0-46BE-8F4F-83455D5BB89F}.Release|x64.ActiveCfg = Release|Any CPU
		{EBE9CCAD-69D0-46BE-8F4F-83455D5BB89F}.Release|x64.Build.0 = Release|Any CPU
		{EBE9CCAD-69D0-46BE-8F4F-83455D5BB89F}.Release|x86.ActiveCfg = Release|Any CPU
		{EBE9CCAD-69D0-46BE-8F4F-83455D5BB89F}.Release|x86.Build.0 = Release|Any CPU
		{092CE138-C442-4379-AC7A-46368AFD65DF}.Debug|Any CPU.ActiveCfg = Debug|Any CPU
		{092CE138-C442-4379-AC7A-46368AFD65DF}.Debug|Any CPU.Build.0 = Debug|Any CPU
		{092CE138-C442-4379-AC7A-46368AFD65DF}.Debug|x64.ActiveCfg = Debug|Any CPU
		{092CE138-C442-4379-AC7A-46368AFD65DF}.Debug|x64.Build.0 = Debug|Any CPU
		{092CE138-C442-4379-AC7A-46368AFD65DF}.Debug|x86.ActiveCfg = Debug|Any CPU
		{092CE138-C442-4379-AC7A-46368AFD65DF}.Debug|x86.Build.0 = Debug|Any CPU
		{092CE138-C442-4379-AC7A-46368AFD65DF}.Release|Any CPU.ActiveCfg = Release|Any CPU
		{092CE138-C442-4379-AC7A-46368AFD65DF}.Release|Any CPU.Build.0 = Release|Any CPU
		{092CE138-C442-4379-AC7A-46368AFD65DF}.Release|x64.ActiveCfg = Release|Any CPU
		{092CE138-C442-4379-AC7A-46368AFD65DF}.Release|x64.Build.0 = Release|Any CPU
		{092CE138-C442-4379-AC7A-46368AFD65DF}.Release|x86.ActiveCfg = Release|Any CPU
		{092CE138-C442-4379-AC7A-46368AFD65DF}.Release|x86.Build.0 = Release|Any CPU
		{0598B1F0-4E44-44CF-B40B-3BC832962A92}.Debug|Any CPU.ActiveCfg = Debug|Any CPU
		{0598B1F0-4E44-44CF-B40B-3BC832962A92}.Debug|Any CPU.Build.0 = Debug|Any CPU
		{0598B1F0-4E44-44CF-B40B-3BC832962A92}.Debug|x64.ActiveCfg = Debug|Any CPU
		{0598B1F0-4E44-44CF-B40B-3BC832962A92}.Debug|x64.Build.0 = Debug|Any CPU
		{0598B1F0-4E44-44CF-B40B-3BC832962A92}.Debug|x86.ActiveCfg = Debug|Any CPU
		{0598B1F0-4E44-44CF-B40B-3BC832962A92}.Debug|x86.Build.0 = Debug|Any CPU
		{0598B1F0-4E44-44CF-B40B-3BC832962A92}.Release|Any CPU.ActiveCfg = Release|Any CPU
		{0598B1F0-4E44-44CF-B40B-3BC832962A92}.Release|Any CPU.Build.0 = Release|Any CPU
		{0598B1F0-4E44-44CF-B40B-3BC832962A92}.Release|x64.ActiveCfg = Release|Any CPU
		{0598B1F0-4E44-44CF-B40B-3BC832962A92}.Release|x64.Build.0 = Release|Any CPU
		{0598B1F0-4E44-44CF-B40B-3BC832962A92}.Release|x86.ActiveCfg = Release|Any CPU
		{0598B1F0-4E44-44CF-B40B-3BC832962A92}.Release|x86.Build.0 = Release|Any CPU
	EndGlobalSection
	GlobalSection(SolutionProperties) = preSolution
		HideSolutionNode = FALSE
	EndGlobalSection
	GlobalSection(NestedProjects) = preSolution
		{F9ACAB7D-C8C5-48DC-8325-4E0654F23921} = {68DBDA36-9753-4E11-9287-4AAC9ACE77D7}
		{F741A502-A434-4443-91F3-7E33DFB495BF} = {B51C861A-E4A8-4851-B420-44C445ED2823}
		{6661D2B2-AE85-4BE3-93D4-65414346A23B} = {68DBDA36-9753-4E11-9287-4AAC9ACE77D7}
		{02EA681E-C7D8-13C7-8484-4AC65E1B71E8} = {8FB176BD-0036-D269-15EA-F86E90622887}
		{9319AB13-208E-4CEC-9F92-BD432517730D} = {02EA681E-C7D8-13C7-8484-4AC65E1B71E8}
		{A85137FF-E990-44AA-8339-D01D08668A52} = {68DBDA36-9753-4E11-9287-4AAC9ACE77D7}
		{AB4267AB-FE62-4CFC-994C-06C07DB2EA03} = {68DBDA36-9753-4E11-9287-4AAC9ACE77D7}
		{8AA12FF9-AC50-4718-895A-FB6301DF3687} = {68DBDA36-9753-4E11-9287-4AAC9ACE77D7}
		{488E09E9-B7CB-4E3C-AC0D-AE6540C06EE1} = {68DBDA36-9753-4E11-9287-4AAC9ACE77D7}
		{DAA7D831-473C-42B3-AC8B-F5457526F7FF} = {68DBDA36-9753-4E11-9287-4AAC9ACE77D7}
		{99684ECC-D45B-4503-88C0-A8DB5D73B2D9} = {68DBDA36-9753-4E11-9287-4AAC9ACE77D7}
		{EBE9CCAD-69D0-46BE-8F4F-83455D5BB89F} = {68DBDA36-9753-4E11-9287-4AAC9ACE77D7}
		{092CE138-C442-4379-AC7A-46368AFD65DF} = {68DBDA36-9753-4E11-9287-4AAC9ACE77D7}
		{0598B1F0-4E44-44CF-B40B-3BC832962A92} = {68DBDA36-9753-4E11-9287-4AAC9ACE77D7}
	EndGlobalSection
	GlobalSection(ExtensibilityGlobals) = postSolution
		SolutionGuid = {992E61BB-C463-4160-BE64-FC05B880F287}
	EndGlobalSection
EndGlobal
